{
  "name": "nw-ruffle-player",
  "version": "1.0.0",
  "lockfileVersion": 3,
  "requires": true,
  "packages": {
    "": {
      "name": "nw-ruffle-player",
      "dependencies": {
        "@ruffle-rs/ruffle": "^0.2.0-nightly.2025.12.28"
      }
    },
    "node_modules/@ruffle-rs/ruffle": {
      "version": "0.2.0-nightly.2025.12.28",
      "resolved": "https://registry.npmjs.org/@ruffle-rs/ruffle/-/ruffle-0.2.0-nightly.2025.12.28.tgz",
      "integrity": "sha512-6sAI+jyaVeNtnR+46KKrM0WjeCctppkePeXPoGIXLAUI89DHoG0MCCHpy5bgE2mBxnSxCq3uPPjARxM6zbREyA==",
      "license": "(MIT OR Apache-2.0)"
    }
  }
}
